
Microsoft Visual Studio Solution File, Format Version 12.00
# Visual Studio Version 16
VisualStudioVersion = 16.0.30406.217
MinimumVisualStudioVersion = 10.0.40219.1
Project("{FAE04EC0-301F-11D3-BF4B-00C04F79EFBC}") = "PumpkinSpiceCountdown", "PumpkinSpiceCountdown\PumpkinSpiceCountdown.csproj", "{A49834B7-653E-444B-8831-4C0F8C902494}"
EndProject
Global
	GlobalSection(SolutionConfigurationPlatforms) = preSolution
		Debug|Any CPU = Debug|Any CPU
		Release|Any CPU = Release|Any CPU
	EndGlobalSection
	GlobalSection(ProjectConfigurationPlatforms) = postSolution
		{A49834B7-653E-444B-8831-4C0F8C902494}.Debug|Any CPU.ActiveCfg = Debug|Any CPU
		{A49834B7-653E-444B-8831-4C0F8C902494}.Debug|Any CPU.Build.0 = Debug|Any CPU
		{A49834B7-653E-444B-8831-4C0F8C902494}.Release|Any CPU.ActiveCfg = Release|Any CPU
		{A49834B7-653E-444B-8831-4C0F8C902494}.Release|Any CPU.Build.0 = Release|Any CPU
	EndGlobalSection
	GlobalSection(SolutionProperties) = preSolution
		HideSolutionNode = FALSE
	EndGlobalSection
	GlobalSection(ExtensibilityGlobals) = postSolution
		SolutionGuid = {C19E5895-A525-447F-B4B1-1FF9955D39A0}
	EndGlobalSection
EndGlobal
